{
  "name": "whatsapp-bot-cloudflare",
  "version": "1.0.0",
  "lockfileVersion": 3,
  "requires": true,
  "packages": {
    "": {
      "name": "whatsapp-bot-cloudflare",
      "version": "1.0.0",
      "devDependencies": {
        "@cloudflare/workers-types": "^4.20240223.0",
        "wrangler": "^3.38.0"
      }
    }
  }
}
