{
  "name": "whatsapp-bot-cloudflare",
  "version": "1.0.0",
  "lockfileVersion": 3,
  "requires": true,
  "packages": {
    "": {
      "name": "whatsapp-bot-cloudflare",
      "version": "1.0.0",
      "devDependencies": {
        "@cloudflare/workers-types": "^4.20240223.0",
        "wrangler": "^3.38.0"
      }
    },
    "node_modules/@cloudflare/workers-types": {
      "version": "4.20240223.0",
      "resolved": "https://registry.npmjs.org/@cloudflare/workers-types/-/workers-types-4.20240223.0.tgz",
      "integrity": "sha512-tPM6GJUIzCnRABBZWZ8mTwhNqZRjXqoNDO2WRJ3WFKkw4OFOPOFMIf/0tGMoHpTwZzNQxTzPIY5xdpoJ3NsqiA==",
      "dev": true
    },
    "node_modules/wrangler": {
      "version": "3.38.0",
      "resolved": "https://registry.npmjs.org/wrangler/-/wrangler-3.38.0.tgz",
      "integrity": "sha512-zIARCwUkVzSyY4rZVqw0nPRH+mX2ub1tTVkUOVBN+/9KCwdruPdSNmfxfYwfqXR+Zx9zMJNib9Gd3QWX3BmqMA==",
      "dev": true
    }
  },
  "dependencies": {
    "@cloudflare/workers-types": {
      "version": "4.20240223.0",
      "resolved": "https://registry.npmjs.org/@cloudflare/workers-types/-/workers-types-4.20240223.0.tgz",
      "integrity": "sha512-tPM6GJUIzCnRABBZWZ8mTwhNqZRjXqoNDO2WRJ3WFKkw4OFOPOFMIf/0tGMoHpTwZzNQxTzPIY5xdpoJ3NsqiA==",
      "dev": true
    },
    "wrangler": {
      "version": "3.38.0",
      "resolved": "https://registry.npmjs.org/wrangler/-/wrangler-3.38.0.tgz",
      "integrity": "sha512-zIARCwUkVzSyY4rZVqw0nPRH+mX2ub1tTVkUOVBN+/9KCwdruPdSNmfxfYwfqXR+Zx9zMJNib9Gd3QWX3BmqMA==",
      "dev": true
    }
  }
}
